{
  "requires": true,
  "lockfileVersion": 1,
  "dependencies": {
    "vant-weapp": {
      "version": "0.4.10",
      "resolved": "https://registry.npmjs.org/vant-weapp/-/vant-weapp-0.4.10.tgz",
      "integrity": "sha512-OYMXIEe95nbgqYrPMNDtGqgIC9z8xDf7usy+4so0fzNvvXZqYvhzPrm8b04HwbNS/BihXDDLxEb01cm5vLu51w=="
    }
  }
}
